
Microsoft Visual Studio Solution File, Format Version 12.00
# Visual Studio Version 17
VisualStudioVersion = 17.14.36915.13
MinimumVisualStudioVersion = 10.0.40219.1
Project("{FAE04EC0-301F-11D3-BF4B-00C04F79EFBC}") = "MyGym.Presentation", "MyGym.Presentation\MyGym.Presentation.csproj", "{0C00DDF5-8C56-4CA6-A06E-001C3F8F21E8}"
EndProject
Project("{FAE04EC0-301F-11D3-BF4B-00C04F79EFBC}") = "MyGym.BusinessLogic", "MyGym.BusinessLogic\MyGym.BusinessLogic.csproj", "{01BFEC95-E582-4F94-A3F3-5C7619FE3D48}"
EndProject
Project("{FAE04EC0-301F-11D3-BF4B-00C04F79EFBC}") = "MyGym.DataAccess", "MyGym.DataAccess\MyGym.DataAccess.csproj", "{F67F9E40-883B-45C3-B87A-7B9B637E4819}"
EndProject
Global
	GlobalSection(SolutionConfigurationPlatforms) = preSolution
		Debug|Any CPU = Debug|Any CPU
		Debug|x64 = Debug|x64
		Debug|x86 = Debug|x86
		Release|Any CPU = Release|Any CPU
		Release|x64 = Release|x64
		Release|x86 = Release|x86
	EndGlobalSection
	GlobalSection(ProjectConfigurationPlatforms) = postSolution
		{0C00DDF5-8C56-4CA6-A06E-001C3F8F21E8}.Debug|Any CPU.ActiveCfg = Debug|Any CPU
		{0C00DDF5-8C56-4CA6-A06E-001C3F8F21E8}.Debug|Any CPU.Build.0 = Debug|Any CPU
		{0C00DDF5-8C56-4CA6-A06E-001C3F8F21E8}.Debug|x64.ActiveCfg = Debug|Any CPU
		{0C00DDF5-8C56-4CA6-A06E-001C3F8F21E8}.Debug|x64.Build.0 = Debug|Any CPU
		{0C00DDF5-8C56-4CA6-A06E-001C3F8F21E8}.Debug|x86.ActiveCfg = Debug|Any CPU
		{0C00DDF5-8C56-4CA6-A06E-001C3F8F21E8}.Debug|x86.Build.0 = Debug|Any CPU
		{0C00DDF5-8C56-4CA6-A06E-001C3F8F21E8}.Release|Any CPU.ActiveCfg = Release|Any CPU
		{0C00DDF5-8C56-4CA6-A06E-001C3F8F21E8}.Release|Any CPU.Build.0 = Release|Any CPU
		{0C00DDF5-8C56-4CA6-A06E-001C3F8F21E8}.Release|x64.ActiveCfg = Release|Any CPU
		{0C00DDF5-8C56-4CA6-A06E-001C3F8F21E8}.Release|x64.Build.0 = Release|Any CPU
		{0C00DDF5-8C56-4CA6-A06E-001C3F8F21E8}.Release|x86.ActiveCfg = Release|Any CPU
		{0C00DDF5-8C56-4CA6-A06E-001C3F8F21E8}.Release|x86.Build.0 = Release|Any CPU
		{01BFEC95-E582-4F94-A3F3-5C7619FE3D48}.Debug|Any CPU.ActiveCfg = Debug|Any CPU
		{01BFEC95-E582-4F94-A3F3-5C7619FE3D48}.Debug|Any CPU.Build.0 = Debug|Any CPU
		{01BFEC95-E582-4F94-A3F3-5C7619FE3D48}.Debug|x64.ActiveCfg = Debug|Any CPU
		{01BFEC95-E582-4F94-A3F3-5C7619FE3D48}.Debug|x64.Build.0 = Debug|Any CPU
		{01BFEC95-E582-4F94-A3F3-5C7619FE3D48}.Debug|x86.ActiveCfg = Debug|Any CPU
		{01BFEC95-E582-4F94-A3F3-5C7619FE3D48}.Debug|x86.Build.0 = Debug|Any CPU
		{01BFEC95-E582-4F94-A3F3-5C7619FE3D48}.Release|Any CPU.ActiveCfg = Release|Any CPU
		{01BFEC95-E582-4F94-A3F3-5C7619FE3D48}.Release|Any CPU.Build.0 = Release|Any CPU
		{01BFEC95-E582-4F94-A3F3-5C7619FE3D48}.Release|x64.ActiveCfg = Release|Any CPU
		{01BFEC95-E582-4F94-A3F3-5C7619FE3D48}.Release|x64.Build.0 = Release|Any CPU
		{01BFEC95-E582-4F94-A3F3-5C7619FE3D48}.Release|x86.ActiveCfg = Release|Any CPU
		{01BFEC95-E582-4F94-A3F3-5C7619FE3D48}.Release|x86.Build.0 = Release|Any CPU
		{F67F9E40-883B-45C3-B87A-7B9B637E4819}.Debug|Any CPU.ActiveCfg = Debug|Any CPU
		{F67F9E40-883B-45C3-B87A-7B9B637E4819}.Debug|Any CPU.Build.0 = Debug|Any CPU
		{F67F9E40-883B-45C3-B87A-7B9B637E4819}.Debug|x64.ActiveCfg = Debug|Any CPU
		{F67F9E40-883B-45C3-B87A-7B9B637E4819}.Debug|x64.Build.0 = Debug|Any CPU
		{F67F9E40-883B-45C3-B87A-7B9B637E4819}.Debug|x86.ActiveCfg = Debug|Any CPU
		{F67F9E40-883B-45C3-B87A-7B9B637E4819}.Debug|x86.Build.0 = Debug|Any CPU
		{F67F9E40-883B-45C3-B87A-7B9B637E4819}.Release|Any CPU.ActiveCfg = Release|Any CPU
		{F67F9E40-883B-45C3-B87A-7B9B637E4819}.Release|Any CPU.Build.0 = Release|Any CPU
		{F67F9E40-883B-45C3-B87A-7B9B637E4819}.Release|x64.ActiveCfg = Release|Any CPU
		{F67F9E40-883B-45C3-B87A-7B9B637E4819}.Release|x64.Build.0 = Release|Any CPU
		{F67F9E40-883B-45C3-B87A-7B9B637E4819}.Release|x86.ActiveCfg = Release|Any CPU
		{F67F9E40-883B-45C3-B87A-7B9B637E4819}.Release|x86.Build.0 = Release|Any CPU
	EndGlobalSection
	GlobalSection(SolutionProperties) = preSolution
		HideSolutionNode = FALSE
	EndGlobalSection
	GlobalSection(ExtensibilityGlobals) = postSolution
		SolutionGuid = {1E37146C-B942-4693-B67E-5EE85F6323C6}
	EndGlobalSection
EndGlobal
